// !$*UTF8*$!
{
	archiveVersion = 1;
	classes = {
	};
	objectVersion = 46;
	objects = {

/* Begin PBXBuildFile section */
		3C864DF41BE1AC51000B24F7 /* EUExUmeng.m in Sources */ = {isa = PBXBuildFile; fileRef = 3C864DF31BE1AC51000B24F7 /* EUExUmeng.m */; };
		3CF121291BE2FC5100B5A092 /* libMobClickLibrary.a in Frameworks */ = {isa = PBXBuildFile; fileRef = 3CF121271BE2FC5100B5A092 /* libMobClickLibrary.a */; settings = {ASSET_TAGS = (); }; };
/* End PBXBuildFile section */

/* Begin PBXCopyFilesBuildPhase section */
		3C864DEC1BE1AC51000B24F7 /* CopyFiles */ = {
			isa = PBXCopyFilesBuildPhase;
			buildActionMask = 2147483647;
			dstPath = "";
			dstSubfolderSpec = 16;
			files = (
			);
			runOnlyForDeploymentPostprocessing = 0;
		};
/* End PBXCopyFilesBuildPhase section */

/* Begin PBXFileReference section */
		3C65FF511BE2092600102255 /* PrefixHeader.pch */ = {isa = PBXFileReference; fileEncoding = 4; lastKnownFileType = sourcecode.c.h; path = PrefixHeader.pch; sourceTree = "<group>"; };
		3C864DEE1BE1AC51000B24F7 /* libuexUmeng.a */ = {isa = PBXFileReference; explicitFileType = archive.ar; includeInIndex = 0; path = libuexUmeng.a; sourceTree = BUILT_PRODUCTS_DIR; };
		3C864DF11BE1AC51000B24F7 /* EUExUmeng.h */ = {isa = PBXFileReference; lastKnownFileType = sourcecode.c.h; path = EUExUmeng.h; sourceTree = "<group>"; };
		3C864DF31BE1AC51000B24F7 /* EUExUmeng.m */ = {isa = PBXFileReference; lastKnownFileType = sourcecode.c.objc; path = EUExUmeng.m; sourceTree = "<group>"; };
		3C864E021BE1BF21000B24F7 /* JSON.h */ = {isa = PBXFileReference; fileEncoding = 4; lastKnownFileType = sourcecode.c.h; path = JSON.h; sourceTree = "<group>"; };
		3C864E031BE1BF21000B24F7 /* JSONParser.h */ = {isa = PBXFileReference; fileEncoding = 4; lastKnownFileType = sourcecode.c.h; path = JSONParser.h; sourceTree = "<group>"; };
		3C864E041BE1BF21000B24F7 /* MD5Digest.h */ = {isa = PBXFileReference; fileEncoding = 4; lastKnownFileType = sourcecode.c.h; path = MD5Digest.h; sourceTree = "<group>"; };
		3C864E051BE1BF21000B24F7 /* NSObject+SBJSON.h */ = {isa = PBXFileReference; fileEncoding = 4; lastKnownFileType = sourcecode.c.h; path = "NSObject+SBJSON.h"; sourceTree = "<group>"; };
		3C864E061BE1BF21000B24F7 /* NSString+SBJSON.h */ = {isa = PBXFileReference; fileEncoding = 4; lastKnownFileType = sourcecode.c.h; path = "NSString+SBJSON.h"; sourceTree = "<group>"; };
		3C864E071BE1BF21000B24F7 /* SBJSON.h */ = {isa = PBXFileReference; fileEncoding = 4; lastKnownFileType = sourcecode.c.h; path = SBJSON.h; sourceTree = "<group>"; };
		3C864E081BE1BF21000B24F7 /* SBJsonBase.h */ = {isa = PBXFileReference; fileEncoding = 4; lastKnownFileType = sourcecode.c.h; path = SBJsonBase.h; sourceTree = "<group>"; };
		3C864E091BE1BF21000B24F7 /* SBJsonParser.h */ = {isa = PBXFileReference; fileEncoding = 4; lastKnownFileType = sourcecode.c.h; path = SBJsonParser.h; sourceTree = "<group>"; };
		3C864E0A1BE1BF21000B24F7 /* SBJsonWriter.h */ = {isa = PBXFileReference; fileEncoding = 4; lastKnownFileType = sourcecode.c.h; path = SBJsonWriter.h; sourceTree = "<group>"; };
		3C864E0C1BE1BF2E000B24F7 /* EUExBase+Bundle.h */ = {isa = PBXFileReference; fileEncoding = 4; lastKnownFileType = sourcecode.c.h; path = "EUExBase+Bundle.h"; sourceTree = "<group>"; };
		3C864E0D1BE1BF2E000B24F7 /* EUExBase.h */ = {isa = PBXFileReference; fileEncoding = 4; lastKnownFileType = sourcecode.c.h; path = EUExBase.h; sourceTree = "<group>"; };
		3C864E0E1BE1BF2E000B24F7 /* EUExBaseDefine.h */ = {isa = PBXFileReference; fileEncoding = 4; lastKnownFileType = sourcecode.c.h; path = EUExBaseDefine.h; sourceTree = "<group>"; };
		3C864E0F1BE1BF2E000B24F7 /* EUtility.h */ = {isa = PBXFileReference; fileEncoding = 4; lastKnownFileType = sourcecode.c.h; path = EUtility.h; sourceTree = "<group>"; };
		3C864E101BE1BF2E000B24F7 /* JSON.h */ = {isa = PBXFileReference; fileEncoding = 4; lastKnownFileType = sourcecode.c.h; path = JSON.h; sourceTree = "<group>"; };
		3C864E111BE1BF2E000B24F7 /* WidgetOneDelegate.h */ = {isa = PBXFileReference; fileEncoding = 4; lastKnownFileType = sourcecode.c.h; path = WidgetOneDelegate.h; sourceTree = "<group>"; };
		3CF121271BE2FC5100B5A092 /* libMobClickLibrary.a */ = {isa = PBXFileReference; lastKnownFileType = archive.ar; path = libMobClickLibrary.a; sourceTree = "<group>"; };
		3CF121281BE2FC5100B5A092 /* MobClick.h */ = {isa = PBXFileReference; fileEncoding = 4; lastKnownFileType = sourcecode.c.h; path = MobClick.h; sourceTree = "<group>"; };
/* End PBXFileReference section */

/* Begin PBXFrameworksBuildPhase section */
		3C864DEB1BE1AC51000B24F7 /* Frameworks */ = {
			isa = PBXFrameworksBuildPhase;
			buildActionMask = 2147483647;
			files = (
				3CF121291BE2FC5100B5A092 /* libMobClickLibrary.a in Frameworks */,
			);
			runOnlyForDeploymentPostprocessing = 0;
		};
/* End PBXFrameworksBuildPhase section */

/* Begin PBXGroup section */
		3C864DE51BE1AC51000B24F7 = {
			isa = PBXGroup;
			children = (
				3C864DF01BE1AC51000B24F7 /* EUExUmeng */,
				3C864DEF1BE1AC51000B24F7 /* Products */,
			);
			sourceTree = "<group>";
		};
		3C864DEF1BE1AC51000B24F7 /* Products */ = {
			isa = PBXGroup;
			children = (
				3C864DEE1BE1AC51000B24F7 /* libuexUmeng.a */,
			);
			name = Products;
			sourceTree = "<group>";
		};
		3C864DF01BE1AC51000B24F7 /* EUExUmeng */ = {
			isa = PBXGroup;
			children = (
				3CF121271BE2FC5100B5A092 /* libMobClickLibrary.a */,
				3CF121281BE2FC5100B5A092 /* MobClick.h */,
				3C65FF511BE2092600102255 /* PrefixHeader.pch */,
				3C864E0B1BE1BF2E000B24F7 /* engineHeader */,
				3C864E011BE1BF21000B24F7 /* JSON */,
				3C864DF11BE1AC51000B24F7 /* EUExUmeng.h */,
				3C864DF31BE1AC51000B24F7 /* EUExUmeng.m */,
			);
			path = EUExUmeng;
			sourceTree = "<group>";
		};
		3C864E011BE1BF21000B24F7 /* JSON */ = {
			isa = PBXGroup;
			children = (
				3C864E021BE1BF21000B24F7 /* JSON.h */,
				3C864E031BE1BF21000B24F7 /* JSONParser.h */,
				3C864E041BE1BF21000B24F7 /* MD5Digest.h */,
				3C864E051BE1BF21000B24F7 /* NSObject+SBJSON.h */,
				3C864E061BE1BF21000B24F7 /* NSString+SBJSON.h */,
				3C864E071BE1BF21000B24F7 /* SBJSON.h */,
				3C864E081BE1BF21000B24F7 /* SBJsonBase.h */,
				3C864E091BE1BF21000B24F7 /* SBJsonParser.h */,
				3C864E0A1BE1BF21000B24F7 /* SBJsonWriter.h */,
			);
			path = JSON;
			sourceTree = "<group>";
		};
		3C864E0B1BE1BF2E000B24F7 /* engineHeader */ = {
			isa = PBXGroup;
			children = (
				3C864E0C1BE1BF2E000B24F7 /* EUExBase+Bundle.h */,
				3C864E0D1BE1BF2E000B24F7 /* EUExBase.h */,
				3C864E0E1BE1BF2E000B24F7 /* EUExBaseDefine.h */,
				3C864E0F1BE1BF2E000B24F7 /* EUtility.h */,
				3C864E101BE1BF2E000B24F7 /* JSON.h */,
				3C864E111BE1BF2E000B24F7 /* WidgetOneDelegate.h */,
			);
			path = engineHeader;
			sourceTree = "<group>";
		};
/* End PBXGroup section */

/* Begin PBXNativeTarget section */
		3C864DED1BE1AC51000B24F7 /* EUExUmeng */ = {
			isa = PBXNativeTarget;
			buildConfigurationList = 3C864DF71BE1AC51000B24F7 /* Build configuration list for PBXNativeTarget "EUExUmeng" */;
			buildPhases = (
				3C864DEA1BE1AC51000B24F7 /* Sources */,
				3C864DEB1BE1AC51000B24F7 /* Frameworks */,
				3C864DEC1BE1AC51000B24F7 /* CopyFiles */,
			);
			buildRules = (
			);
			dependencies = (
			);
			name = EUExUmeng;
			productName = EUExUmeng;
			productReference = 3C864DEE1BE1AC51000B24F7 /* libuexUmeng.a */;
			productType = "com.apple.product-type.library.static";
		};
/* End PBXNativeTarget section */

/* Begin PBXProject section */
		3C864DE61BE1AC51000B24F7 /* Project object */ = {
			isa = PBXProject;
			attributes = {
				LastUpgradeCheck = 0700;
				ORGANIZATIONNAME = AppCan;
				TargetAttributes = {
					3C864DED1BE1AC51000B24F7 = {
						CreatedOnToolsVersion = 7.0.1;
						DevelopmentTeam = F3W6HQ9A45;
					};
				};
			};
			buildConfigurationList = 3C864DE91BE1AC51000B24F7 /* Build configuration list for PBXProject "EUExUmeng" */;
			compatibilityVersion = "Xcode 3.2";
			developmentRegion = English;
			hasScannedForEncodings = 0;
			knownRegions = (
				en,
			);
			mainGroup = 3C864DE51BE1AC51000B24F7;
			productRefGroup = 3C864DEF1BE1AC51000B24F7 /* Products */;
			projectDirPath = "";
			projectRoot = "";
			targets = (
				3C864DED1BE1AC51000B24F7 /* EUExUmeng */,
			);
		};
/* End PBXProject section */

/* Begin PBXSourcesBuildPhase section */
		3C864DEA1BE1AC51000B24F7 /* Sources */ = {
			isa = PBXSourcesBuildPhase;
			buildActionMask = 2147483647;
			files = (
				3C864DF41BE1AC51000B24F7 /* EUExUmeng.m in Sources */,
			);
			runOnlyForDeploymentPostprocessing = 0;
		};
/* End PBXSourcesBuildPhase section */

/* Begin XCBuildConfiguration section */
		3C864DF51BE1AC51000B24F7 /* Debug */ = {
			isa = XCBuildConfiguration;
			buildSettings = {
				ALWAYS_SEARCH_USER_PATHS = NO;
				CLANG_CXX_LANGUAGE_STANDARD = "gnu++0x";
				CLANG_CXX_LIBRARY = "libc++";
				CLANG_ENABLE_MODULES = YES;
				CLANG_ENABLE_OBJC_ARC = YES;
				CLANG_WARN_BOOL_CONVERSION = YES;
				CLANG_WARN_CONSTANT_CONVERSION = YES;
				CLANG_WARN_DIRECT_OBJC_ISA_USAGE = YES_ERROR;
				CLANG_WARN_EMPTY_BODY = YES;
				CLANG_WARN_ENUM_CONVERSION = YES;
				CLANG_WARN_INT_CONVERSION = YES;
				CLANG_WARN_OBJC_ROOT_CLASS = YES_ERROR;
				CLANG_WARN_UNREACHABLE_CODE = YES;
				CLANG_WARN__DUPLICATE_METHOD_MATCH = YES;
				COPY_PHASE_STRIP = NO;
				DEBUG_INFORMATION_FORMAT = dwarf;
				ENABLE_STRICT_OBJC_MSGSEND = YES;
				ENABLE_TESTABILITY = YES;
				GCC_C_LANGUAGE_STANDARD = gnu99;
				GCC_DYNAMIC_NO_PIC = NO;
				GCC_NO_COMMON_BLOCKS = YES;
				GCC_OPTIMIZATION_LEVEL = 0;
				GCC_PREPROCESSOR_DEFINITIONS = (
					"DEBUG=1",
					"$(inherited)",
				);
				GCC_WARN_64_TO_32_BIT_CONVERSION = YES;
				GCC_WARN_ABOUT_RETURN_TYPE = YES_ERROR;
				GCC_WARN_UNDECLARED_SELECTOR = YES;
				GCC_WARN_UNINITIALIZED_AUTOS = YES_AGGRESSIVE;
				GCC_WARN_UNUSED_FUNCTION = YES;
				GCC_WARN_UNUSED_VARIABLE = YES;
				IPHONEOS_DEPLOYMENT_TARGET = 9.0;
				MTL_ENABLE_DEBUG_INFO = YES;
				ONLY_ACTIVE_ARCH = YES;
				SDKROOT = iphoneos;
			};
			name = Debug;
		};
		3C864DF61BE1AC51000B24F7 /* Release */ = {
			isa = XCBuildConfiguration;
			buildSettings = {
				ALWAYS_SEARCH_USER_PATHS = NO;
				CLANG_CXX_LANGUAGE_STANDARD = "gnu++0x";
				CLANG_CXX_LIBRARY = "libc++";
				CLANG_ENABLE_MODULES = YES;
				CLANG_ENABLE_OBJC_ARC = YES;
				CLANG_WARN_BOOL_CONVERSION = YES;
				CLANG_WARN_CONSTANT_CONVERSION = YES;
				CLANG_WARN_DIRECT_OBJC_ISA_USAGE = YES_ERROR;
				CLANG_WARN_EMPTY_BODY = YES;
				CLANG_WARN_ENUM_CONVERSION = YES;
				CLANG_WARN_INT_CONVERSION = YES;
				CLANG_WARN_OBJC_ROOT_CLASS = YES_ERROR;
				CLANG_WARN_UNREACHABLE_CODE = YES;
				CLANG_WARN__DUPLICATE_METHOD_MATCH = YES;
				COPY_PHASE_STRIP = NO;
				DEBUG_INFORMATION_FORMAT = "dwarf-with-dsym";
				ENABLE_NS_ASSERTIONS = NO;
				ENABLE_STRICT_OBJC_MSGSEND = YES;
				GCC_C_LANGUAGE_STANDARD = gnu99;
				GCC_NO_COMMON_BLOCKS = YES;
				GCC_WARN_64_TO_32_BIT_CONVERSION = YES;
				GCC_WARN_ABOUT_RETURN_TYPE = YES_ERROR;
				GCC_WARN_UNDECLARED_SELECTOR = YES;
				GCC_WARN_UNINITIALIZED_AUTOS = YES_AGGRESSIVE;
				GCC_WARN_UNUSED_FUNCTION = YES;
				GCC_WARN_UNUSED_VARIABLE = YES;
				IPHONEOS_DEPLOYMENT_TARGET = 9.0;
				MTL_ENABLE_DEBUG_INFO = NO;
				SDKROOT = iphoneos;
				VALIDATE_PRODUCT = YES;
			};
			name = Release;
		};
		3C864DF81BE1AC51000B24F7 /* Debug */ = {
			isa = XCBuildConfiguration;
			buildSettings = {
				CONFIGURATION_BUILD_DIR = $SRCROOT/uexUmeng/;
				GCC_PREFIX_HEADER = EUExUmeng/PrefixHeader.pch;
				LIBRARY_SEARCH_PATHS = (
					"$(inherited)",
					"$(PROJECT_DIR)",
					"$(PROJECT_DIR)/EUExUmeng",
				);
				OTHER_LDFLAGS = "-ObjC";
				PRODUCT_NAME = uexUmeng;
				SKIP_INSTALL = YES;
			};
			name = Debug;
		};
		3C864DF91BE1AC51000B24F7 /* Release */ = {
			isa = XCBuildConfiguration;
			buildSettings = {
				CONFIGURATION_BUILD_DIR = $SRCROOT/uexUmeng/;
				GCC_PREFIX_HEADER = EUExUmeng/PrefixHeader.pch;
				LIBRARY_SEARCH_PATHS = (
					"$(inherited)",
					"$(PROJECT_DIR)",
					"$(PROJECT_DIR)/EUExUmeng",
				);
				OTHER_LDFLAGS = "-ObjC";
				PRODUCT_NAME = uexUmeng;
				SKIP_INSTALL = YES;
			};
			name = Release;
		};
/* End XCBuildConfiguration section */

/* Begin XCConfigurationList section */
		3C864DE91BE1AC51000B24F7 /* Build configuration list for PBXProject "EUExUmeng" */ = {
			isa = XCConfigurationList;
			buildConfigurations = (
				3C864DF51BE1AC51000B24F7 /* Debug */,
				3C864DF61BE1AC51000B24F7 /* Release */,
			);
			defaultConfigurationIsVisible = 0;
			defaultConfigurationName = Release;
		};
		3C864DF71BE1AC51000B24F7 /* Build configuration list for PBXNativeTarget "EUExUmeng" */ = {
			isa = XCConfigurationList;
			buildConfigurations = (
				3C864DF81BE1AC51000B24F7 /* Debug */,
				3C864DF91BE1AC51000B24F7 /* Release */,
			);
			defaultConfigurationIsVisible = 0;
			defaultConfigurationName = Release;
		};
/* End XCConfigurationList section */
	};
	rootObject = 3C864DE61BE1AC51000B24F7 /* Project object */;
}
